
Microsoft Visual Studio Solution File, Format Version 12.00
# Visual Studio Version 17
VisualStudioVersion = 17.5.33516.290
MinimumVisualStudioVersion = 10.0.40219.1
Project("{FAE04EC0-301F-11D3-BF4B-00C04F79EFBC}") = "Tap.Money v3.Server", "Tap.Money v3\Server\Tap.Money v3.Server.csproj", "{05B729D3-4676-4110-9CFF-80704F292469}"
EndProject
Project("{FAE04EC0-301F-11D3-BF4B-00C04F79EFBC}") = "Tap.Money v3.Client", "Tap.Money v3\Client\Tap.Money v3.Client.csproj", "{5363CC11-FFDE-489D-9E41-EF67E9BB7B55}"
EndProject
Project("{FAE04EC0-301F-11D3-BF4B-00C04F79EFBC}") = "Tap.Money v3.Shared", "Tap.Money v3\Shared\Tap.Money v3.Shared.csproj", "{8A6E415F-1105-41CE-888F-FE9BAAF97999}"
EndProject
Global
	GlobalSection(SolutionConfigurationPlatforms) = preSolution
		Debug|Any CPU = Debug|Any CPU
		Release|Any CPU = Release|Any CPU
	EndGlobalSection
	GlobalSection(ProjectConfigurationPlatforms) = postSolution
		{05B729D3-4676-4110-9CFF-80704F292469}.Debug|Any CPU.ActiveCfg = Debug|Any CPU
		{05B729D3-4676-4110-9CFF-80704F292469}.Debug|Any CPU.Build.0 = Debug|Any CPU
		{05B729D3-4676-4110-9CFF-80704F292469}.Release|Any CPU.ActiveCfg = Release|Any CPU
		{05B729D3-4676-4110-9CFF-80704F292469}.Release|Any CPU.Build.0 = Release|Any CPU
		{5363CC11-FFDE-489D-9E41-EF67E9BB7B55}.Debug|Any CPU.ActiveCfg = Debug|Any CPU
		{5363CC11-FFDE-489D-9E41-EF67E9BB7B55}.Debug|Any CPU.Build.0 = Debug|Any CPU
		{5363CC11-FFDE-489D-9E41-EF67E9BB7B55}.Release|Any CPU.ActiveCfg = Release|Any CPU
		{5363CC11-FFDE-489D-9E41-EF67E9BB7B55}.Release|Any CPU.Build.0 = Release|Any CPU
		{8A6E415F-1105-41CE-888F-FE9BAAF97999}.Debug|Any CPU.ActiveCfg = Debug|Any CPU
		{8A6E415F-1105-41CE-888F-FE9BAAF97999}.Debug|Any CPU.Build.0 = Debug|Any CPU
		{8A6E415F-1105-41CE-888F-FE9BAAF97999}.Release|Any CPU.ActiveCfg = Release|Any CPU
		{8A6E415F-1105-41CE-888F-FE9BAAF97999}.Release|Any CPU.Build.0 = Release|Any CPU
	EndGlobalSection
	GlobalSection(SolutionProperties) = preSolution
		HideSolutionNode = FALSE
	EndGlobalSection
	GlobalSection(ExtensibilityGlobals) = postSolution
		SolutionGuid = {DA1CB1D7-2A09-4CAE-805E-36D08ACAA521}
	EndGlobalSection
EndGlobal
