
Microsoft Visual Studio Solution File, Format Version 12.00
# Visual Studio Version 17
VisualStudioVersion = 17.5.33516.290
MinimumVisualStudioVersion = 10.0.40219.1
Project("{9A19103F-16F7-4668-BE54-9A1E7A4F7556}") = "TAPPPPPP.Server", "TAPPPPPP\Server\TAPPPPPP.Server.csproj", "{3AF6FCB0-0D4E-47C5-A468-A040DBF12E93}"
EndProject
Project("{9A19103F-16F7-4668-BE54-9A1E7A4F7556}") = "TAPPPPPP.Client", "TAPPPPPP\Client\TAPPPPPP.Client.csproj", "{6B1794DF-F896-43A0-BFED-5D410AACA11C}"
EndProject
Project("{9A19103F-16F7-4668-BE54-9A1E7A4F7556}") = "TAPPPPPP.Shared", "TAPPPPPP\Shared\TAPPPPPP.Shared.csproj", "{D8CCF151-09E1-4B93-918A-5CE02C7042ED}"
EndProject
Global
	GlobalSection(SolutionConfigurationPlatforms) = preSolution
		Debug|Any CPU = Debug|Any CPU
		Release|Any CPU = Release|Any CPU
	EndGlobalSection
	GlobalSection(ProjectConfigurationPlatforms) = postSolution
		{3AF6FCB0-0D4E-47C5-A468-A040DBF12E93}.Debug|Any CPU.ActiveCfg = Debug|Any CPU
		{3AF6FCB0-0D4E-47C5-A468-A040DBF12E93}.Debug|Any CPU.Build.0 = Debug|Any CPU
		{3AF6FCB0-0D4E-47C5-A468-A040DBF12E93}.Release|Any CPU.ActiveCfg = Release|Any CPU
		{3AF6FCB0-0D4E-47C5-A468-A040DBF12E93}.Release|Any CPU.Build.0 = Release|Any CPU
		{6B1794DF-F896-43A0-BFED-5D410AACA11C}.Debug|Any CPU.ActiveCfg = Debug|Any CPU
		{6B1794DF-F896-43A0-BFED-5D410AACA11C}.Debug|Any CPU.Build.0 = Debug|Any CPU
		{6B1794DF-F896-43A0-BFED-5D410AACA11C}.Release|Any CPU.ActiveCfg = Release|Any CPU
		{6B1794DF-F896-43A0-BFED-5D410AACA11C}.Release|Any CPU.Build.0 = Release|Any CPU
		{D8CCF151-09E1-4B93-918A-5CE02C7042ED}.Debug|Any CPU.ActiveCfg = Debug|Any CPU
		{D8CCF151-09E1-4B93-918A-5CE02C7042ED}.Debug|Any CPU.Build.0 = Debug|Any CPU
		{D8CCF151-09E1-4B93-918A-5CE02C7042ED}.Release|Any CPU.ActiveCfg = Release|Any CPU
		{D8CCF151-09E1-4B93-918A-5CE02C7042ED}.Release|Any CPU.Build.0 = Release|Any CPU
	EndGlobalSection
	GlobalSection(SolutionProperties) = preSolution
		HideSolutionNode = FALSE
	EndGlobalSection
	GlobalSection(ExtensibilityGlobals) = postSolution
		SolutionGuid = {3390E943-6BB6-4B98-92A1-D17C018F31B3}
	EndGlobalSection
EndGlobal
